
Microsoft Visual Studio Solution File, Format Version 12.00
# Visual Studio Version 16
VisualStudioVersion = 16.0.31729.503
MinimumVisualStudioVersion = 10.0.40219.1
Project("{FAE04EC0-301F-11D3-BF4B-00C04F79EFBC}") = "cSharpAssignment2", "cSharpAssignment2.csproj", "{0966B088-DC02-44EC-B651-5E1BC406DA31}"
EndProject
Global
	GlobalSection(SolutionConfigurationPlatforms) = preSolution
		Debug|Any CPU = Debug|Any CPU
		Release|Any CPU = Release|Any CPU
	EndGlobalSection
	GlobalSection(ProjectConfigurationPlatforms) = postSolution
		{0966B088-DC02-44EC-B651-5E1BC406DA31}.Debug|Any CPU.ActiveCfg = Debug|Any CPU
		{0966B088-DC02-44EC-B651-5E1BC406DA31}.Debug|Any CPU.Build.0 = Debug|Any CPU
		{0966B088-DC02-44EC-B651-5E1BC406DA31}.Release|Any CPU.ActiveCfg = Release|Any CPU
		{0966B088-DC02-44EC-B651-5E1BC406DA31}.Release|Any CPU.Build.0 = Release|Any CPU
	EndGlobalSection
	GlobalSection(SolutionProperties) = preSolution
		HideSolutionNode = FALSE
	EndGlobalSection
	GlobalSection(ExtensibilityGlobals) = postSolution
		SolutionGuid = {04B2F23D-83B9-4C9B-BDAE-88B7F09029EE}
	EndGlobalSection
EndGlobal
